{
  "pins" : [
    {
      "identity" : "mapbox-common-ios",
      "kind" : "remoteSourceControl",
      "location" : "https://github.com/kried/mapbox-common-ios.git",
      "state" : {
        "revision" : "df75e5eec9c60db7980da7379dd20a25bca2a315"
      }
    },
    {
      "identity" : "mapbox-core-maps-ios",
      "kind" : "remoteSourceControl",
      "location" : "https://github.com/kried/mapbox-core-maps-ios.git",
      "state" : {
        "revision" : "898e6accd746347643edcaf203b9892b94839b5e"
      }
    },
    {
      "identity" : "turf-swift",
      "kind" : "remoteSourceControl",
      "location" : "https://github.com/mapbox/turf-swift.git",
      "state" : {
        "revision" : "f0afe204b4266337066a436becab62fdd2b32378",
        "version" : "2.7.0"
      }
    }
  ],
  "version" : 2
}
